// !$*UTF8*$!
{
	archiveVersion = 1;
	classes = {
	};
	objectVersion = 56;
	objects = {

/* Begin PBXBuildFile section */
		211C2E462CF23EE200A78F76 /* main.cpp in Sources */ = {isa = PBXBuildFile; fileRef = 211C2E452CF23EE200A78F76 /* main.cpp */; };
		211C2E572CF2408A00A78F76 /* partie.cpp in Sources */ = {isa = PBXBuildFile; fileRef = 211C2E4C2CF2408A00A78F76 /* partie.cpp */; };
		211C2E582CF2408A00A78F76 /* plateau.cpp in Sources */ = {isa = PBXBuildFile; fileRef = 211C2E522CF2408A00A78F76 /* plateau.cpp */; };
		211C2E592CF2408A00A78F76 /* main.cpp in Sources */ = {isa = PBXBuildFile; fileRef = 211C2E542CF2408A00A78F76 /* main.cpp */; };
		211C2E5A2CF2408A00A78F76 /* pieces.cpp in Sources */ = {isa = PBXBuildFile; fileRef = 211C2E562CF2408A00A78F76 /* pieces.cpp */; };
		211C2E5F2CF240D700A78F76 /* cases.cpp in Sources */ = {isa = PBXBuildFile; fileRef = 211C2E5D2CF240D700A78F76 /* cases.cpp */; };
		211C2E602CF240D700A78F76 /* Joueur.cpp in Sources */ = {isa = PBXBuildFile; fileRef = 211C2E5E2CF240D700A78F76 /* Joueur.cpp */; };
/* End PBXBuildFile section */

/* Begin PBXCopyFilesBuildPhase section */
		211C2E402CF23EE200A78F76 /* CopyFiles */ = {
			isa = PBXCopyFilesBuildPhase;
			buildActionMask = 2147483647;
			dstPath = /usr/share/man/man1/;
			dstSubfolderSpec = 0;
			files = (
			);
			runOnlyForDeploymentPostprocessing = 1;
		};
/* End PBXCopyFilesBuildPhase section */

/* Begin PBXFileReference section */
		211C2E422CF23EE200A78F76 /* lo21xcode */ = {isa = PBXFileReference; explicitFileType = "compiled.mach-o.executable"; includeInIndex = 0; path = lo21xcode; sourceTree = BUILT_PRODUCTS_DIR; };
		211C2E452CF23EE200A78F76 /* main.cpp */ = {isa = PBXFileReference; lastKnownFileType = sourcecode.cpp.cpp; path = main.cpp; sourceTree = "<group>"; };
		211C2E4C2CF2408A00A78F76 /* partie.cpp */ = {isa = PBXFileReference; fileEncoding = 4; lastKnownFileType = sourcecode.cpp.cpp; name = partie.cpp; path = ../partie.cpp; sourceTree = "<group>"; };
		211C2E4D2CF2408A00A78F76 /* CMakeLists.txt */ = {isa = PBXFileReference; fileEncoding = 4; lastKnownFileType = text; name = CMakeLists.txt; path = ../CMakeLists.txt; sourceTree = "<group>"; };
		211C2E4E2CF2408A00A78F76 /* pieces.h */ = {isa = PBXFileReference; fileEncoding = 4; lastKnownFileType = sourcecode.c.h; name = pieces.h; path = ../pieces.h; sourceTree = "<group>"; };
		211C2E4F2CF2408A00A78F76 /* cases.h */ = {isa = PBXFileReference; fileEncoding = 4; lastKnownFileType = sourcecode.c.h; name = cases.h; path = ../cases.h; sourceTree = "<group>"; };
		211C2E502CF2408A00A78F76 /* plateau.h */ = {isa = PBXFileReference; fileEncoding = 4; lastKnownFileType = sourcecode.c.h; name = plateau.h; path = ../plateau.h; sourceTree = "<group>"; };
		211C2E512CF2408A00A78F76 /* partie.hpp */ = {isa = PBXFileReference; fileEncoding = 4; lastKnownFileType = sourcecode.cpp.h; name = partie.hpp; path = ../partie.hpp; sourceTree = "<group>"; };
		211C2E522CF2408A00A78F76 /* plateau.cpp */ = {isa = PBXFileReference; fileEncoding = 4; lastKnownFileType = sourcecode.cpp.cpp; name = plateau.cpp; path = ../plateau.cpp; sourceTree = "<group>"; };
		211C2E532CF2408A00A78F76 /* README.md */ = {isa = PBXFileReference; fileEncoding = 4; lastKnownFileType = net.daringfireball.markdown; name = README.md; path = ../README.md; sourceTree = "<group>"; };
		211C2E542CF2408A00A78F76 /* main.cpp */ = {isa = PBXFileReference; fileEncoding = 4; lastKnownFileType = sourcecode.cpp.cpp; name = main.cpp; path = ../main.cpp; sourceTree = "<group>"; };
		211C2E552CF2408A00A78F76 /* cmake-build-debug */ = {isa = PBXFileReference; lastKnownFileType = folder; name = "cmake-build-debug"; path = "../cmake-build-debug"; sourceTree = "<group>"; };
		211C2E562CF2408A00A78F76 /* pieces.cpp */ = {isa = PBXFileReference; fileEncoding = 4; lastKnownFileType = sourcecode.cpp.cpp; name = pieces.cpp; path = ../pieces.cpp; sourceTree = "<group>"; };
		211C2E5B2CF240D700A78F76 /* Joueur.h */ = {isa = PBXFileReference; fileEncoding = 4; lastKnownFileType = sourcecode.c.h; name = Joueur.h; path = ../Joueur.h; sourceTree = "<group>"; };
		211C2E5C2CF240D700A78F76 /* coords.h */ = {isa = PBXFileReference; fileEncoding = 4; lastKnownFileType = sourcecode.c.h; name = coords.h; path = ../coords.h; sourceTree = "<group>"; };
		211C2E5D2CF240D700A78F76 /* cases.cpp */ = {isa = PBXFileReference; fileEncoding = 4; lastKnownFileType = sourcecode.cpp.cpp; name = cases.cpp; path = ../cases.cpp; sourceTree = "<group>"; };
		211C2E5E2CF240D700A78F76 /* Joueur.cpp */ = {isa = PBXFileReference; fileEncoding = 4; lastKnownFileType = sourcecode.cpp.cpp; name = Joueur.cpp; path = ../Joueur.cpp; sourceTree = "<group>"; };
/* End PBXFileReference section */

/* Begin PBXFrameworksBuildPhase section */
		211C2E3F2CF23EE200A78F76 /* Frameworks */ = {
			isa = PBXFrameworksBuildPhase;
			buildActionMask = 2147483647;
			files = (
			);
			runOnlyForDeploymentPostprocessing = 0;
		};
/* End PBXFrameworksBuildPhase section */

/* Begin PBXGroup section */
		211C2E392CF23EE200A78F76 = {
			isa = PBXGroup;
			children = (
				211C2E5D2CF240D700A78F76 /* cases.cpp */,
				211C2E5C2CF240D700A78F76 /* coords.h */,
				211C2E5E2CF240D700A78F76 /* Joueur.cpp */,
				211C2E5B2CF240D700A78F76 /* Joueur.h */,
				211C2E4F2CF2408A00A78F76 /* cases.h */,
				211C2E552CF2408A00A78F76 /* cmake-build-debug */,
				211C2E4D2CF2408A00A78F76 /* CMakeLists.txt */,
				211C2E542CF2408A00A78F76 /* main.cpp */,
				211C2E4C2CF2408A00A78F76 /* partie.cpp */,
				211C2E512CF2408A00A78F76 /* partie.hpp */,
				211C2E562CF2408A00A78F76 /* pieces.cpp */,
				211C2E4E2CF2408A00A78F76 /* pieces.h */,
				211C2E522CF2408A00A78F76 /* plateau.cpp */,
				211C2E502CF2408A00A78F76 /* plateau.h */,
				211C2E532CF2408A00A78F76 /* README.md */,
				211C2E442CF23EE200A78F76 /* lo21xcode */,
				211C2E432CF23EE200A78F76 /* Products */,
			);
			sourceTree = "<group>";
		};
		211C2E432CF23EE200A78F76 /* Products */ = {
			isa = PBXGroup;
			children = (
				211C2E422CF23EE200A78F76 /* lo21xcode */,
			);
			name = Products;
			sourceTree = "<group>";
		};
		211C2E442CF23EE200A78F76 /* lo21xcode */ = {
			isa = PBXGroup;
			children = (
				211C2E452CF23EE200A78F76 /* main.cpp */,
			);
			path = lo21xcode;
			sourceTree = "<group>";
		};
/* End PBXGroup section */

/* Begin PBXNativeTarget section */
		211C2E412CF23EE200A78F76 /* lo21xcode */ = {
			isa = PBXNativeTarget;
			buildConfigurationList = 211C2E492CF23EE200A78F76 /* Build configuration list for PBXNativeTarget "lo21xcode" */;
			buildPhases = (
				211C2E3E2CF23EE200A78F76 /* Sources */,
				211C2E3F2CF23EE200A78F76 /* Frameworks */,
				211C2E402CF23EE200A78F76 /* CopyFiles */,
			);
			buildRules = (
			);
			dependencies = (
			);
			name = lo21xcode;
			productName = lo21xcode;
			productReference = 211C2E422CF23EE200A78F76 /* lo21xcode */;
			productType = "com.apple.product-type.tool";
		};
/* End PBXNativeTarget section */

/* Begin PBXProject section */
		211C2E3A2CF23EE200A78F76 /* Project object */ = {
			isa = PBXProject;
			attributes = {
				BuildIndependentTargetsInParallel = 1;
				LastUpgradeCheck = 1430;
				TargetAttributes = {
					211C2E412CF23EE200A78F76 = {
						CreatedOnToolsVersion = 14.3.1;
					};
				};
			};
			buildConfigurationList = 211C2E3D2CF23EE200A78F76 /* Build configuration list for PBXProject "lo21xcode" */;
			compatibilityVersion = "Xcode 14.0";
			developmentRegion = en;
			hasScannedForEncodings = 0;
			knownRegions = (
				en,
				Base,
			);
			mainGroup = 211C2E392CF23EE200A78F76;
			productRefGroup = 211C2E432CF23EE200A78F76 /* Products */;
			projectDirPath = "";
			projectRoot = "";
			targets = (
				211C2E412CF23EE200A78F76 /* lo21xcode */,
			);
		};
/* End PBXProject section */

/* Begin PBXSourcesBuildPhase section */
		211C2E3E2CF23EE200A78F76 /* Sources */ = {
			isa = PBXSourcesBuildPhase;
			buildActionMask = 2147483647;
			files = (
				211C2E5A2CF2408A00A78F76 /* pieces.cpp in Sources */,
				211C2E5F2CF240D700A78F76 /* cases.cpp in Sources */,
				211C2E572CF2408A00A78F76 /* partie.cpp in Sources */,
				211C2E582CF2408A00A78F76 /* plateau.cpp in Sources */,
				211C2E602CF240D700A78F76 /* Joueur.cpp in Sources */,
				211C2E592CF2408A00A78F76 /* main.cpp in Sources */,
				211C2E462CF23EE200A78F76 /* main.cpp in Sources */,
			);
			runOnlyForDeploymentPostprocessing = 0;
		};
/* End PBXSourcesBuildPhase section */

/* Begin XCBuildConfiguration section */
		211C2E472CF23EE200A78F76 /* Debug */ = {
			isa = XCBuildConfiguration;
			buildSettings = {
				ALWAYS_SEARCH_USER_PATHS = NO;
				CLANG_ANALYZER_NONNULL = YES;
				CLANG_ANALYZER_NUMBER_OBJECT_CONVERSION = YES_AGGRESSIVE;
				CLANG_CXX_LANGUAGE_STANDARD = "gnu++20";
				CLANG_ENABLE_MODULES = YES;
				CLANG_ENABLE_OBJC_ARC = YES;
				CLANG_ENABLE_OBJC_WEAK = YES;
				CLANG_WARN_BLOCK_CAPTURE_AUTORELEASING = YES;
				CLANG_WARN_BOOL_CONVERSION = YES;
				CLANG_WARN_COMMA = YES;
				CLANG_WARN_CONSTANT_CONVERSION = YES;
				CLANG_WARN_DEPRECATED_OBJC_IMPLEMENTATIONS = YES;
				CLANG_WARN_DIRECT_OBJC_ISA_USAGE = YES_ERROR;
				CLANG_WARN_DOCUMENTATION_COMMENTS = YES;
				CLANG_WARN_EMPTY_BODY = YES;
				CLANG_WARN_ENUM_CONVERSION = YES;
				CLANG_WARN_INFINITE_RECURSION = YES;
				CLANG_WARN_INT_CONVERSION = YES;
				CLANG_WARN_NON_LITERAL_NULL_CONVERSION = YES;
				CLANG_WARN_OBJC_IMPLICIT_RETAIN_SELF = YES;
				CLANG_WARN_OBJC_LITERAL_CONVERSION = YES;
				CLANG_WARN_OBJC_ROOT_CLASS = YES_ERROR;
				CLANG_WARN_QUOTED_INCLUDE_IN_FRAMEWORK_HEADER = YES;
				CLANG_WARN_RANGE_LOOP_ANALYSIS = YES;
				CLANG_WARN_STRICT_PROTOTYPES = YES;
				CLANG_WARN_SUSPICIOUS_MOVE = YES;
				CLANG_WARN_UNGUARDED_AVAILABILITY = YES_AGGRESSIVE;
				CLANG_WARN_UNREACHABLE_CODE = YES;
				CLANG_WARN__DUPLICATE_METHOD_MATCH = YES;
				COPY_PHASE_STRIP = NO;
				DEBUG_INFORMATION_FORMAT = dwarf;
				ENABLE_STRICT_OBJC_MSGSEND = YES;
				ENABLE_TESTABILITY = YES;
				GCC_C_LANGUAGE_STANDARD = gnu11;
				GCC_DYNAMIC_NO_PIC = NO;
				GCC_NO_COMMON_BLOCKS = YES;
				GCC_OPTIMIZATION_LEVEL = 0;
				GCC_PREPROCESSOR_DEFINITIONS = (
					"DEBUG=1",
					"$(inherited)",
				);
				GCC_WARN_64_TO_32_BIT_CONVERSION = YES;
				GCC_WARN_ABOUT_RETURN_TYPE = YES_ERROR;
				GCC_WARN_UNDECLARED_SELECTOR = YES;
				GCC_WARN_UNINITIALIZED_AUTOS = YES_AGGRESSIVE;
				GCC_WARN_UNUSED_FUNCTION = YES;
				GCC_WARN_UNUSED_VARIABLE = YES;
				MACOSX_DEPLOYMENT_TARGET = 13.2;
				MTL_ENABLE_DEBUG_INFO = INCLUDE_SOURCE;
				MTL_FAST_MATH = YES;
				ONLY_ACTIVE_ARCH = YES;
				SDKROOT = macosx;
			};
			name = Debug;
		};
		211C2E482CF23EE200A78F76 /* Release */ = {
			isa = XCBuildConfiguration;
			buildSettings = {
				ALWAYS_SEARCH_USER_PATHS = NO;
				CLANG_ANALYZER_NONNULL = YES;
				CLANG_ANALYZER_NUMBER_OBJECT_CONVERSION = YES_AGGRESSIVE;
				CLANG_CXX_LANGUAGE_STANDARD = "gnu++20";
				CLANG_ENABLE_MODULES = YES;
				CLANG_ENABLE_OBJC_ARC = YES;
				CLANG_ENABLE_OBJC_WEAK = YES;
				CLANG_WARN_BLOCK_CAPTURE_AUTORELEASING = YES;
				CLANG_WARN_BOOL_CONVERSION = YES;
				CLANG_WARN_COMMA = YES;
				CLANG_WARN_CONSTANT_CONVERSION = YES;
				CLANG_WARN_DEPRECATED_OBJC_IMPLEMENTATIONS = YES;
				CLANG_WARN_DIRECT_OBJC_ISA_USAGE = YES_ERROR;
				CLANG_WARN_DOCUMENTATION_COMMENTS = YES;
				CLANG_WARN_EMPTY_BODY = YES;
				CLANG_WARN_ENUM_CONVERSION = YES;
				CLANG_WARN_INFINITE_RECURSION = YES;
				CLANG_WARN_INT_CONVERSION = YES;
				CLANG_WARN_NON_LITERAL_NULL_CONVERSION = YES;
				CLANG_WARN_OBJC_IMPLICIT_RETAIN_SELF = YES;
				CLANG_WARN_OBJC_LITERAL_CONVERSION = YES;
				CLANG_WARN_OBJC_ROOT_CLASS = YES_ERROR;
				CLANG_WARN_QUOTED_INCLUDE_IN_FRAMEWORK_HEADER = YES;
				CLANG_WARN_RANGE_LOOP_ANALYSIS = YES;
				CLANG_WARN_STRICT_PROTOTYPES = YES;
				CLANG_WARN_SUSPICIOUS_MOVE = YES;
				CLANG_WARN_UNGUARDED_AVAILABILITY = YES_AGGRESSIVE;
				CLANG_WARN_UNREACHABLE_CODE = YES;
				CLANG_WARN__DUPLICATE_METHOD_MATCH = YES;
				COPY_PHASE_STRIP = NO;
				DEBUG_INFORMATION_FORMAT = "dwarf-with-dsym";
				ENABLE_NS_ASSERTIONS = NO;
				ENABLE_STRICT_OBJC_MSGSEND = YES;
				GCC_C_LANGUAGE_STANDARD = gnu11;
				GCC_NO_COMMON_BLOCKS = YES;
				GCC_WARN_64_TO_32_BIT_CONVERSION = YES;
				GCC_WARN_ABOUT_RETURN_TYPE = YES_ERROR;
				GCC_WARN_UNDECLARED_SELECTOR = YES;
				GCC_WARN_UNINITIALIZED_AUTOS = YES_AGGRESSIVE;
				GCC_WARN_UNUSED_FUNCTION = YES;
				GCC_WARN_UNUSED_VARIABLE = YES;
				MACOSX_DEPLOYMENT_TARGET = 13.2;
				MTL_ENABLE_DEBUG_INFO = NO;
				MTL_FAST_MATH = YES;
				SDKROOT = macosx;
			};
			name = Release;
		};
		211C2E4A2CF23EE200A78F76 /* Debug */ = {
			isa = XCBuildConfiguration;
			buildSettings = {
				CODE_SIGN_STYLE = Automatic;
				PRODUCT_NAME = "$(TARGET_NAME)";
			};
			name = Debug;
		};
		211C2E4B2CF23EE200A78F76 /* Release */ = {
			isa = XCBuildConfiguration;
			buildSettings = {
				CODE_SIGN_STYLE = Automatic;
				PRODUCT_NAME = "$(TARGET_NAME)";
			};
			name = Release;
		};
/* End XCBuildConfiguration section */

/* Begin XCConfigurationList section */
		211C2E3D2CF23EE200A78F76 /* Build configuration list for PBXProject "lo21xcode" */ = {
			isa = XCConfigurationList;
			buildConfigurations = (
				211C2E472CF23EE200A78F76 /* Debug */,
				211C2E482CF23EE200A78F76 /* Release */,
			);
			defaultConfigurationIsVisible = 0;
			defaultConfigurationName = Release;
		};
		211C2E492CF23EE200A78F76 /* Build configuration list for PBXNativeTarget "lo21xcode" */ = {
			isa = XCConfigurationList;
			buildConfigurations = (
				211C2E4A2CF23EE200A78F76 /* Debug */,
				211C2E4B2CF23EE200A78F76 /* Release */,
			);
			defaultConfigurationIsVisible = 0;
			defaultConfigurationName = Release;
		};
/* End XCConfigurationList section */
	};
	rootObject = 211C2E3A2CF23EE200A78F76 /* Project object */;
}
